
Microsoft Visual Studio Solution File, Format Version 12.00
# Visual Studio 2012
Project("{FAE04EC0-301F-11D3-BF4B-00C04F79EFBC}") = "ZiberTranslate.Web", "ZiberTranslate.Web\ZiberTranslate.Web.csproj", "{ED1E91A7-C04C-4D39-92AB-58BB6F1B59A9}"
EndProject
Project("{2150E333-8FDC-42A3-9474-1A3956D46DE8}") = ".nuget", ".nuget", "{704A7E82-FA58-460E-B2B9-D206922B253A}"
	ProjectSection(SolutionItems) = preProject
		.nuget\NuGet.Config = .nuget\NuGet.Config
		.nuget\NuGet.exe = .nuget\NuGet.exe
		.nuget\NuGet.targets = .nuget\NuGet.targets
	EndProjectSection
EndProject
Project("{2150E333-8FDC-42A3-9474-1A3956D46DE8}") = "Solution Items", "Solution Items", "{8C281E5B-D083-47ED-A6BC-B828FA2F9DAD}"
	ProjectSection(SolutionItems) = preProject
		.gitignore = .gitignore
	EndProjectSection
EndProject
Global
	GlobalSection(SolutionConfigurationPlatforms) = preSolution
		Debug|Any CPU = Debug|Any CPU
		Debug|Mixed Platforms = Debug|Mixed Platforms
		Debug|x86 = Debug|x86
		Release|Any CPU = Release|Any CPU
		Release|Mixed Platforms = Release|Mixed Platforms
		Release|x86 = Release|x86
		ZiberNET|Any CPU = ZiberNET|Any CPU
		ZiberNET|Mixed Platforms = ZiberNET|Mixed Platforms
		ZiberNET|x86 = ZiberNET|x86
	EndGlobalSection
	GlobalSection(ProjectConfigurationPlatforms) = postSolution
		{ED1E91A7-C04C-4D39-92AB-58BB6F1B59A9}.Debug|Any CPU.ActiveCfg = Debug|Any CPU
		{ED1E91A7-C04C-4D39-92AB-58BB6F1B59A9}.Debug|Any CPU.Build.0 = Debug|Any CPU
		{ED1E91A7-C04C-4D39-92AB-58BB6F1B59A9}.Debug|Mixed Platforms.ActiveCfg = Debug|Any CPU
		{ED1E91A7-C04C-4D39-92AB-58BB6F1B59A9}.Debug|Mixed Platforms.Build.0 = Debug|Any CPU
		{ED1E91A7-C04C-4D39-92AB-58BB6F1B59A9}.Debug|x86.ActiveCfg = Debug|Any CPU
		{ED1E91A7-C04C-4D39-92AB-58BB6F1B59A9}.Release|Any CPU.ActiveCfg = Release|Any CPU
		{ED1E91A7-C04C-4D39-92AB-58BB6F1B59A9}.Release|Any CPU.Build.0 = Release|Any CPU
		{ED1E91A7-C04C-4D39-92AB-58BB6F1B59A9}.Release|Mixed Platforms.ActiveCfg = Release|Any CPU
		{ED1E91A7-C04C-4D39-92AB-58BB6F1B59A9}.Release|Mixed Platforms.Build.0 = Release|Any CPU
		{ED1E91A7-C04C-4D39-92AB-58BB6F1B59A9}.Release|x86.ActiveCfg = Release|Any CPU
		{ED1E91A7-C04C-4D39-92AB-58BB6F1B59A9}.ZiberNET|Any CPU.ActiveCfg = ZiberNET|Any CPU
		{ED1E91A7-C04C-4D39-92AB-58BB6F1B59A9}.ZiberNET|Any CPU.Build.0 = ZiberNET|Any CPU
		{ED1E91A7-C04C-4D39-92AB-58BB6F1B59A9}.ZiberNET|Mixed Platforms.ActiveCfg = ZiberNET|Any CPU
		{ED1E91A7-C04C-4D39-92AB-58BB6F1B59A9}.ZiberNET|Mixed Platforms.Build.0 = ZiberNET|Any CPU
		{ED1E91A7-C04C-4D39-92AB-58BB6F1B59A9}.ZiberNET|x86.ActiveCfg = ZiberNET|Any CPU
	EndGlobalSection
	GlobalSection(SolutionProperties) = preSolution
		HideSolutionNode = FALSE
	EndGlobalSection
EndGlobal
